
Microsoft Visual Studio Solution File, Format Version 12.00
# Visual Studio Version 17
VisualStudioVersion = 17.4.33205.214
MinimumVisualStudioVersion = 10.0.40219.1
Project("{F184B08F-C81C-45F6-A57F-5ABD9991F28F}") = "MSStore Anti-Crasher (snpfx)", "MSStore Anti-Crasher (snpfx).vbproj", "{9E7581A4-5DDC-452C-8086-2657B08DC300}"
EndProject
Global
	GlobalSection(SolutionConfigurationPlatforms) = preSolution
		Debug|Any CPU = Debug|Any CPU
		Release|Any CPU = Release|Any CPU
	EndGlobalSection
	GlobalSection(ProjectConfigurationPlatforms) = postSolution
		{9E7581A4-5DDC-452C-8086-2657B08DC300}.Debug|Any CPU.ActiveCfg = Debug|Any CPU
		{9E7581A4-5DDC-452C-8086-2657B08DC300}.Debug|Any CPU.Build.0 = Debug|Any CPU
		{9E7581A4-5DDC-452C-8086-2657B08DC300}.Release|Any CPU.ActiveCfg = Release|Any CPU
		{9E7581A4-5DDC-452C-8086-2657B08DC300}.Release|Any CPU.Build.0 = Release|Any CPU
	EndGlobalSection
	GlobalSection(SolutionProperties) = preSolution
		HideSolutionNode = FALSE
	EndGlobalSection
	GlobalSection(ExtensibilityGlobals) = postSolution
		SolutionGuid = {1ED54FD7-DC75-48E5-BBF5-9EC45F8B90EB}
	EndGlobalSection
EndGlobal
